{
  "name": "slack-command",
  "version": "1.0.0",
  "lockfileVersion": 1,
  "requires": true,
  "dependencies": {
    "inspirational-quotes": {
      "version": "1.0.5",
      "resolved": "https://registry.npmjs.org/inspirational-quotes/-/inspirational-quotes-1.0.5.tgz",
      "integrity": "sha512-ULY7iwVmaVpHCJR3r84pxZxtsathB7jFLMkoInS5p4S7l9tnvgj0EmmQZ8vFul2+F9DZHFHlYYlmM9UZ/58bEw=="
    }
  }
}
