{
  "name": "slack-command",
  "version": "1.0.0",
  "lockfileVersion": 1,
  "requires": true,
  "dependencies": {
    "jexl": {
      "version": "2.1.1",
      "resolved": "https://registry.npmjs.org/jexl/-/jexl-2.1.1.tgz",
      "integrity": "sha512-a+dZiuYIKl0nPYdAe7sJ8D/bCAbemwLjLypcT2brXtft/Mi3titp1QRCpTkaHrp+qeno8DKFxVpVKYNvw1AV3A=="
    }
  }
}
