{
  "name": "jira-webhook",
  "version": "1.0.0",
  "lockfileVersion": 1,
  "requires": true,
  "dependencies": {
    "jira": {
      "version": "0.9.2",
      "resolved": "https://registry.npmjs.org/jira/-/jira-0.9.2.tgz",
      "integrity": "sha1-K0eMeVZNPY0hD5puNAbAmgt2yqA=",
      "requires": {
        "oauth": "^0.9.11",
        "request": "<2.16.0"
      }
    },
    "oauth": {
      "version": "0.9.15",
      "resolved": "https://registry.npmjs.org/oauth/-/oauth-0.9.15.tgz",
      "integrity": "sha1-vR/vr2hslrdUda7VGWQS/2DPucE="
    },
    "request": {
      "version": "2.14.0",
      "resolved": "https://registry.npmjs.org/request/-/request-2.14.0.tgz",
      "integrity": "sha1-DYrLsLFMGrguAAt9OB+oyA0afYg=",
      "requires": {
        "form-data": "~0.0.3",
        "mime": "~1.2.7"
      },
      "dependencies": {
        "form-data": {
          "version": "0.0.7",
          "bundled": true,
          "requires": {
            "async": "~0.1.9",
            "combined-stream": "~0.0.4",
            "mime": "~1.2.2"
          },
          "dependencies": {
            "async": {
              "version": "0.1.22",
              "bundled": true
            },
            "combined-stream": {
              "version": "0.0.4",
              "bundled": true,
              "requires": {
                "delayed-stream": "0.0.5"
              },
              "dependencies": {
                "delayed-stream": {
                  "version": "0.0.5",
                  "bundled": true
                }
              }
            }
          }
        },
        "mime": {
          "version": "1.2.9",
          "bundled": true
        }
      }
    }
  }
}
